github.com/atotto/clipboard v0.1.4 h1:EH0zSVneZPSuFR11BlR9YppQTVDbh5+16AmcJi4g1z4=
github.com/atotto/clipboard v0.1.4/go.mod h1:ZY9tmq7sm5xIbd9bOK4onWV4S6X0u6GY7Vn0Yu86PYI=
github.com/aws/aws-sdk-go-v2 v1.39.4 h1:qTsQKcdQPHnfGYBBs+Btl8QwxJeoWcOcPcixK90mRhg=
github.com/aws/aws-sdk-go-v2 v1.39.4/go.mod h1:yWSxrnioGUZ4WVv9TgMrNUeLV3PFESn/v+6T/Su8gnM=
github.com/aws/aws-sdk-go-v2/config v1.31.15 h1:gE3M4xuNXfC/9bG4hyowGm/35uQTi7bUKeYs5e/6uvU=
github.com/aws/aws-sdk-go-v2/config v1.31.15/go.mod h1:HvnvGJoE2I95KAIW8kkWVPJ4XhdrlvwJpV6pEzFQa8o=
github.com/aws/aws-sdk-go-v2/credentials v1.18.19 h1:Jc1zzwkSY1QbkEcLujwqRTXOdvW8ppND3jRBb/VhBQc=
github.com/aws/aws-sdk-go-v2/credentials v1.18.19/go.mod h1:DIfQ9fAk5H0pGtnqfqkbSIzky82qYnGvh06ASQXXg6A=
github.com/aws/aws-sdk-go-v2/feature/ec2/imds v1.18.11 h1:X7X4YKb+c0rkI6d4uJ5tEMxXgCZ+jZ/D6mvkno8c8Uw=
github.com/aws/aws-sdk-go-v2/feature/ec2/imds v1.18.11/go.mod h1:EqM6vPZQsZHYvC4Cai35UDg/f5NCEU+vp0WfbVqVcZc=
github.com/aws/aws-sdk-go-v2/internal/configsources v1.4.11 h1:7AANQZkF3ihM8fbdftpjhken0TP9sBzFbV/Ze/Y4HXA=
github.com/aws/aws-sdk-go-v2/internal/configsources v1.4.11/go.mod h1:NTF4QCGkm6fzVwncpkFQqoquQyOolcyXfbpC98urj+c=
github.com/aws/aws-sdk-go-v2/internal/endpoints/v2 v2.7.11 h1:ShdtWUZT37LCAA4Mw2kJAJtzaszfSHFb5n25sdcv4YE=
github.com/aws/aws-sdk-go-v2/internal/endpoints/v2 v2.7.11/go.mod h1:7bUb2sSr2MZ3M/N+VyETLTQtInemHXb/Fl3s8CLzm0Y=
github.com/aws/aws-sdk-go-v2/internal/ini v1.8.4 h1:WKuaxf++XKWlHWu9ECbMlha8WOEGm0OUEZqm4K/Gcfk=
github.com/aws/aws-sdk-go-v2/internal/ini v1.8.4/go.mod h1:ZWy7j6v1vWGmPReu0iSGvRiise4YI5SkR3OHKTZ6Wuc=
github.com/aws/aws-sdk-go-v2/service/internal/accept-encoding v1.13.2 h1:xtuxji5CS0JknaXoACOunXOYOQzgfTvGAc9s2QdCJA4=
github.com/aws/aws-sdk-go-v2/service/internal/accept-encoding v1.13.2/go.mod h1:zxwi0DIR0rcRcgdbl7E2MSOvxDyyXGBlScvBkARFaLQ=
github.com/aws/aws-sdk-go-v2/service/internal/presigned-url v1.13.11 h1:GpMf3z2KJa4RnJ0ew3Hac+hRFYLZ9DDjfgXjuW+pB54=
github.com/aws/aws-sdk-go-v2/service/internal/presigned-url v1.13.11/go.mod h1:6MZP3ZI4QQsgUCFTwMZA2V0sEriNQ8k2hmoHF3qjimQ=
github.com/aws/aws-sdk-go-v2/service/sso v1.29.8 h1:M5nimZmugcZUO9wG7iVtROxPhiqyZX6ejS1lxlDPbTU=
github.com/aws/aws-sdk-go-v2/service/sso v1.29.8/go.mod h1:mbef/pgKhtKRwrigPPs7SSSKZgytzP8PQ6P6JAAdqyM=
github.com/aws/aws-sdk-go-v2/service/ssooidc v1.35.3 h1:S5GuJZpYxE0lKeMHKn+BRTz6PTFpgThyJ+5mYfux7BM=
github.com/aws/aws-sdk-go-v2/service/ssooidc v1.35.3/go.mod h1:X4OF+BTd7HIb3L+tc4UlWHVrpgwZZIVENU15pRDVTI0=
github.com/aws/aws-sdk-go-v2/service/sts v1.38.9 h1:Ekml5vGg6sHSZLZJQJagefnVe6PmqC2oiRkBq4F7fU0=
github.com/aws/aws-sdk-go-v2/service/sts v1.38.9/go.mod h1:/e15V+o1zFHWdH3u7lpI3rVBcxszktIKuHKCY2/py+k=
github.com/aws/smithy-go v1.23.1 h1:sLvcH6dfAFwGkHLZ7dGiYF7aK6mg4CgKA/iDKjLDt9M=
github.com/aws/smithy-go v1.23.1/go.mod h1:LEj2LM3rBRQJxPZTB4KuzZkaZYnZPnvgIhb4pu07mx0=
github.com/cpuguy83/go-md2man/v2 v2.0.2/go.mod h1:tgQtvFlXSQOSOSIRvRPT7W67SCa46tRHOmNcaadrF8o=
github.com/inconshreveable/mousetrap v1.1.0 h1:wN+x4NVGpMsO7ErUn/mUI3vEoE6Jt13X2s0bqwp9tc8=
github.com/inconshreveable/mousetrap v1.1.0/go.mod h1:vpF70FUmC8bwa3OWnCshd2FqLfsEA9PFc4w1p2J65bw=
github.com/mattn/go-isatty v0.0.20 h1:xfD0iDuEKnDkl03q4limB+vH+GxLEtL/jb4xVJSWWEY=
github.com/mattn/go-isatty v0.0.20/go.mod h1:W+V8PltTTMOvKvAeJH7IuucS94S2C6jfK/D7dTCTo3Y=
github.com/mattn/go-sixel v0.0.5 h1:55w2FR5ncuhKhXrM5ly1eiqMQfZsnAHIpYNGZX03Cv8=
github.com/mattn/go-sixel v0.0.5/go.mod h1:h2Sss+DiUEHy0pUqcIB6PFXo5Cy8sTQEFr3a9/5ZLNw=
github.com/pkg/browser v0.0.0-20210911075715-681adbf594b8 h1:KoWmjvw+nsYOo29YJK9vDA65RGE3NrOnUtO7a+RF9HU=
github.com/pkg/browser v0.0.0-20210911075715-681adbf594b8/go.mod h1:HKlIX3XHQyzLZPlr7++PzdhaXEj94dEiJgZDTsxEqUI=
github.com/russross/blackfriday/v2 v2.1.0/go.mod h1:+Rmxgy9KzJVeS9/2gXHxylqXiyQDYRxCVz55jmeOWTM=
github.com/skip2/go-qrcode v0.0.0-20200617195104-da1b6568686e h1:MRM5ITcdelLK2j1vwZ3Je0FKVCfqOLp5zO6trqMLYs0=
github.com/skip2/go-qrcode v0.0.0-20200617195104-da1b6568686e/go.mod h1:XV66xRDqSt+GTGFMVlhk3ULuV0y9ZmzeVGR4mloJI3M=
github.com/soniakeys/quant v1.0.0 h1:N1um9ktjbkZVcywBVAAYpZYSHxEfJGzshHCxx/DaI0Y=
github.com/soniakeys/quant v1.0.0/go.mod h1:HI1k023QuVbD4H8i9YdfZP2munIHU4QpjsImz6Y6zds=
github.com/spf13/cobra v1.7.0 h1:hyqWnYt1ZQShIddO5kBpj3vu05/++x6tJ6dg8EC572I=
github.com/spf13/cobra v1.7.0/go.mod h1:uLxZILRyS/50WlhOIKD7W6V5bgeIt+4sICxh6uRMrb0=
github.com/spf13/pflag v1.0.5 h1:iy+VFUOCP1a+8yFto/drg2CJ5u0yRoB7fZw3DKv/JXA=
github.com/spf13/pflag v1.0.5/go.mod h1:McXfInJRrz4CZXVZOBLb0bTZqETkiAhM9Iw0y3An2Bg=
golang.org/x/sys v0.0.0-20210616045830-e2b7044e8c71/go.mod h1:oPkhp1MJrh7nUepCBck5+mAzfO9JrbApNNgaTdGDITg=
golang.org/x/sys v0.6.0/go.mod h1:oPkhp1MJrh7nUepCBck5+mAzfO9JrbApNNgaTdGDITg=
golang.org/x/sys v0.7.0 h1:3jlCCIQZPdOYu1h8BkNvLz8Kgwtae2cagcG/VamtZRU=
golang.org/x/sys v0.7.0/go.mod h1:oPkhp1MJrh7nUepCBck5+mAzfO9JrbApNNgaTdGDITg=
gopkg.in/check.v1 v0.0.0-20161208181325-20d25e280405/go.mod h1:Co6ibVJAznAaIkqp8huTwlJQCZ016jof/cbN4VW5Yz0=
gopkg.in/yaml.v3 v3.0.1/go.mod h1:K4uyk7z7BCEPqu6E+C64Yfv1cQ7kz7rIZviUmN+EgEM=
jdk.sh/meta v0.1.1-0.20211021015548-cff3b930ebd9 h1:f9CEE/IWIjsG3jBxNc/rfJ17031Oe7ghTWkPg6JJ6Bo=
jdk.sh/meta v0.1.1-0.20211021015548-cff3b930ebd9/go.mod h1:c2+wWgMZejSQ2nXsbxNVKLLQgTLY4yrX7TH6NIaQle0=
